
Microsoft Visual Studio Solution File, Format Version 12.00
# Visual Studio 15
VisualStudioVersion = 15.0.27004.2010
MinimumVisualStudioVersion = 10.0.40219.1
Project("{FAE04EC0-301F-11D3-BF4B-00C04F79EFBC}") = "ServerFEZ", "ServerFEZ\ServerFEZ.csproj", "{D2B82927-85FD-474F-A07C-76F92E5E5C77}"
EndProject
Global
	GlobalSection(SolutionConfigurationPlatforms) = preSolution
		Debug|Any CPU = Debug|Any CPU
		Release|Any CPU = Release|Any CPU
	EndGlobalSection
	GlobalSection(ProjectConfigurationPlatforms) = postSolution
		{D2B82927-85FD-474F-A07C-76F92E5E5C77}.Debug|Any CPU.ActiveCfg = Debug|Any CPU
		{D2B82927-85FD-474F-A07C-76F92E5E5C77}.Debug|Any CPU.Build.0 = Debug|Any CPU
		{D2B82927-85FD-474F-A07C-76F92E5E5C77}.Release|Any CPU.ActiveCfg = Release|Any CPU
		{D2B82927-85FD-474F-A07C-76F92E5E5C77}.Release|Any CPU.Build.0 = Release|Any CPU
	EndGlobalSection
	GlobalSection(SolutionProperties) = preSolution
		HideSolutionNode = FALSE
	EndGlobalSection
	GlobalSection(ExtensibilityGlobals) = postSolution
		SolutionGuid = {0E2DAC6E-30ED-430C-901B-9B14DD7950DD}
	EndGlobalSection
EndGlobal
